
Microsoft Visual Studio Solution File, Format Version 12.00
# Visual Studio Version 16
VisualStudioVersion = 16.0.31624.102
MinimumVisualStudioVersion = 10.0.40219.1
Project("{FAE04EC0-301F-11D3-BF4B-00C04F79EFBC}") = "AddItemToArray", "AddItemToArray\AddItemToArray.csproj", "{C136E431-2B15-4426-B7DE-87A8D9DB8130}"
EndProject
Global
	GlobalSection(SolutionConfigurationPlatforms) = preSolution
		Debug|Any CPU = Debug|Any CPU
		Release|Any CPU = Release|Any CPU
	EndGlobalSection
	GlobalSection(ProjectConfigurationPlatforms) = postSolution
		{C136E431-2B15-4426-B7DE-87A8D9DB8130}.Debug|Any CPU.ActiveCfg = Debug|Any CPU
		{C136E431-2B15-4426-B7DE-87A8D9DB8130}.Debug|Any CPU.Build.0 = Debug|Any CPU
		{C136E431-2B15-4426-B7DE-87A8D9DB8130}.Release|Any CPU.ActiveCfg = Release|Any CPU
		{C136E431-2B15-4426-B7DE-87A8D9DB8130}.Release|Any CPU.Build.0 = Release|Any CPU
	EndGlobalSection
	GlobalSection(SolutionProperties) = preSolution
		HideSolutionNode = FALSE
	EndGlobalSection
	GlobalSection(ExtensibilityGlobals) = postSolution
		SolutionGuid = {9FE3F026-8D7B-49D8-95DC-AF7C9077686D}
	EndGlobalSection
EndGlobal
